
Microsoft Visual Studio Solution File, Format Version 12.00
# Visual Studio Version 17
VisualStudioVersion = 17.1.32421.90
MinimumVisualStudioVersion = 10.0.40219.1
Project("{FAE04EC0-301F-11D3-BF4B-00C04F79EFBC}") = "UserService", "UserService\UserService.csproj", "{7E54039C-F79E-4D50-80A1-8BEB20EB6B4A}"
EndProject
Project("{FAE04EC0-301F-11D3-BF4B-00C04F79EFBC}") = "APIGateway", "APIGateway\APIGateway.csproj", "{9921C2E8-BE4B-4EE4-A4E4-4E30CCBB254D}"
EndProject
Global
	GlobalSection(SolutionConfigurationPlatforms) = preSolution
		Debug|Any CPU = Debug|Any CPU
		Release|Any CPU = Release|Any CPU
	EndGlobalSection
	GlobalSection(ProjectConfigurationPlatforms) = postSolution
		{7E54039C-F79E-4D50-80A1-8BEB20EB6B4A}.Debug|Any CPU.ActiveCfg = Debug|Any CPU
		{7E54039C-F79E-4D50-80A1-8BEB20EB6B4A}.Debug|Any CPU.Build.0 = Debug|Any CPU
		{7E54039C-F79E-4D50-80A1-8BEB20EB6B4A}.Release|Any CPU.ActiveCfg = Release|Any CPU
		{7E54039C-F79E-4D50-80A1-8BEB20EB6B4A}.Release|Any CPU.Build.0 = Release|Any CPU
		{9921C2E8-BE4B-4EE4-A4E4-4E30CCBB254D}.Debug|Any CPU.ActiveCfg = Debug|Any CPU
		{9921C2E8-BE4B-4EE4-A4E4-4E30CCBB254D}.Debug|Any CPU.Build.0 = Debug|Any CPU
		{9921C2E8-BE4B-4EE4-A4E4-4E30CCBB254D}.Release|Any CPU.ActiveCfg = Release|Any CPU
		{9921C2E8-BE4B-4EE4-A4E4-4E30CCBB254D}.Release|Any CPU.Build.0 = Release|Any CPU
	EndGlobalSection
	GlobalSection(SolutionProperties) = preSolution
		HideSolutionNode = FALSE
	EndGlobalSection
	GlobalSection(ExtensibilityGlobals) = postSolution
		SolutionGuid = {B28128DF-DFF1-4DAA-95DE-3249C0C69228}
	EndGlobalSection
EndGlobal
