
Microsoft Visual Studio Solution File, Format Version 12.00
# Visual Studio Version 17
VisualStudioVersion = 17.1.32421.90
MinimumVisualStudioVersion = 10.0.40219.1
Project("{FAE04EC0-301F-11D3-BF4B-00C04F79EFBC}") = "WebAPIDemo", "WebAPIDemo\WebAPIDemo.csproj", "{21A312A7-F457-4FBC-BD54-E287DAFBA68B}"
EndProject
Global
	GlobalSection(SolutionConfigurationPlatforms) = preSolution
		Debug|Any CPU = Debug|Any CPU
		Release|Any CPU = Release|Any CPU
	EndGlobalSection
	GlobalSection(ProjectConfigurationPlatforms) = postSolution
		{21A312A7-F457-4FBC-BD54-E287DAFBA68B}.Debug|Any CPU.ActiveCfg = Debug|Any CPU
		{21A312A7-F457-4FBC-BD54-E287DAFBA68B}.Debug|Any CPU.Build.0 = Debug|Any CPU
		{21A312A7-F457-4FBC-BD54-E287DAFBA68B}.Release|Any CPU.ActiveCfg = Release|Any CPU
		{21A312A7-F457-4FBC-BD54-E287DAFBA68B}.Release|Any CPU.Build.0 = Release|Any CPU
	EndGlobalSection
	GlobalSection(SolutionProperties) = preSolution
		HideSolutionNode = FALSE
	EndGlobalSection
	GlobalSection(ExtensibilityGlobals) = postSolution
		SolutionGuid = {C3EA5481-6C9B-4944-B1A7-B22FB68CB59C}
	EndGlobalSection
EndGlobal
